
Microsoft Visual Studio Solution File, Format Version 12.00
# Visual Studio 14
VisualStudioVersion = 14.0.25420.1
MinimumVisualStudioVersion = 10.0.40219.1
Project("{FAE04EC0-301F-11D3-BF4B-00C04F79EFBC}") = "TimeSheetMobile.Android", "TimeSheetMobile\TimeSheetMobile.Android\TimeSheetMobile.Android.csproj", "{14215F2D-4C7E-4CFE-B3C8-95A4B591CD6C}"
EndProject
Project("{FAE04EC0-301F-11D3-BF4B-00C04F79EFBC}") = "TimeSheetMobile", "TimeSheetMobile\TimeSheetMobile\TimeSheetMobile.csproj", "{DC61BAAD-FD33-4AC4-B759-559B4B1E7E34}"
EndProject
Project("{FAE04EC0-301F-11D3-BF4B-00C04F79EFBC}") = "TimeSheetMobile.UWP", "TimeSheetMobile\TimeSheetMobile.UWP\TimeSheetMobile.UWP.csproj", "{B4D955FF-1B21-4291-959F-C2F22DE9BEB6}"
EndProject
Project("{FAE04EC0-301F-11D3-BF4B-00C04F79EFBC}") = "TimeSheetMobile.iOS", "TimeSheetMobile\TimeSheetMobile.iOS\TimeSheetMobile.iOS.csproj", "{60A556D3-4253-473A-B68E-156B926C4D28}"
EndProject
Global
	GlobalSection(SolutionConfigurationPlatforms) = preSolution
		Ad-Hoc|Any CPU = Ad-Hoc|Any CPU
		Ad-Hoc|ARM = Ad-Hoc|ARM
		Ad-Hoc|iPhone = Ad-Hoc|iPhone
		Ad-Hoc|iPhoneSimulator = Ad-Hoc|iPhoneSimulator
		Ad-Hoc|x64 = Ad-Hoc|x64
		Ad-Hoc|x86 = Ad-Hoc|x86
		AppStore|Any CPU = AppStore|Any CPU
		AppStore|ARM = AppStore|ARM
		AppStore|iPhone = AppStore|iPhone
		AppStore|iPhoneSimulator = AppStore|iPhoneSimulator
		AppStore|x64 = AppStore|x64
		AppStore|x86 = AppStore|x86
		Debug|Any CPU = Debug|Any CPU
		Debug|ARM = Debug|ARM
		Debug|iPhone = Debug|iPhone
		Debug|iPhoneSimulator = Debug|iPhoneSimulator
		Debug|x64 = Debug|x64
		Debug|x86 = Debug|x86
		Release|Any CPU = Release|Any CPU
		Release|ARM = Release|ARM
		Release|iPhone = Release|iPhone
		Release|iPhoneSimulator = Release|iPhoneSimulator
		Release|x64 = Release|x64
		Release|x86 = Release|x86
	EndGlobalSection
	GlobalSection(ProjectConfigurationPlatforms) = postSolution
		{14215F2D-4C7E-4CFE-B3C8-95A4B591CD6C}.Ad-Hoc|Any CPU.ActiveCfg = Release|Any CPU
		{14215F2D-4C7E-4CFE-B3C8-95A4B591CD6C}.Ad-Hoc|Any CPU.Build.0 = Release|Any CPU
		{14215F2D-4C7E-4CFE-B3C8-95A4B591CD6C}.Ad-Hoc|Any CPU.Deploy.0 = Release|Any CPU
		{14215F2D-4C7E-4CFE-B3C8-95A4B591CD6C}.Ad-Hoc|ARM.ActiveCfg = Release|Any CPU
		{14215F2D-4C7E-4CFE-B3C8-95A4B591CD6C}.Ad-Hoc|ARM.Build.0 = Release|Any CPU
		{14215F2D-4C7E-4CFE-B3C8-95A4B591CD6C}.Ad-Hoc|ARM.Deploy.0 = Release|Any CPU
		{14215F2D-4C7E-4CFE-B3C8-95A4B591CD6C}.Ad-Hoc|iPhone.ActiveCfg = Release|Any CPU
		{14215F2D-4C7E-4CFE-B3C8-95A4B591CD6C}.Ad-Hoc|iPhone.Build.0 = Release|Any CPU
		{14215F2D-4C7E-4CFE-B3C8-95A4B591CD6C}.Ad-Hoc|iPhone.Deploy.0 = Release|Any CPU
		{14215F2D-4C7E-4CFE-B3C8-95A4B591CD6C}.Ad-Hoc|iPhoneSimulator.ActiveCfg = Release|Any CPU
		{14215F2D-4C7E-4CFE-B3C8-95A4B591CD6C}.Ad-Hoc|iPhoneSimulator.Build.0 = Release|Any CPU
		{14215F2D-4C7E-4CFE-B3C8-95A4B591CD6C}.Ad-Hoc|iPhoneSimulator.Deploy.0 = Release|Any CPU
		{14215F2D-4C7E-4CFE-B3C8-95A4B591CD6C}.Ad-Hoc|x64.ActiveCfg = Release|Any CPU
		{14215F2D-4C7E-4CFE-B3C8-95A4B591CD6C}.Ad-Hoc|x64.Build.0 = Release|Any CPU
		{14215F2D-4C7E-4CFE-B3C8-95A4B591CD6C}.Ad-Hoc|x64.Deploy.0 = Release|Any CPU
		{14215F2D-4C7E-4CFE-B3C8-95A4B591CD6C}.Ad-Hoc|x86.ActiveCfg = Release|Any CPU
		{14215F2D-4C7E-4CFE-B3C8-95A4B591CD6C}.Ad-Hoc|x86.Build.0 = Release|Any CPU
		{14215F2D-4C7E-4CFE-B3C8-95A4B591CD6C}.Ad-Hoc|x86.Deploy.0 = Release|Any CPU
		{14215F2D-4C7E-4CFE-B3C8-95A4B591CD6C}.AppStore|Any CPU.ActiveCfg = Release|Any CPU
		{14215F2D-4C7E-4CFE-B3C8-95A4B591CD6C}.AppStore|Any CPU.Build.0 = Release|Any CPU
		{14215F2D-4C7E-4CFE-B3C8-95A4B591CD6C}.AppStore|Any CPU.Deploy.0 = Release|Any CPU
		{14215F2D-4C7E-4CFE-B3C8-95A4B591CD6C}.AppStore|ARM.ActiveCfg = Release|Any CPU
		{14215F2D-4C7E-4CFE-B3C8-95A4B591CD6C}.AppStore|ARM.Build.0 = Release|Any CPU
		{14215F2D-4C7E-4CFE-B3C8-95A4B591CD6C}.AppStore|ARM.Deploy.0 = Release|Any CPU
		{14215F2D-4C7E-4CFE-B3C8-95A4B591CD6C}.AppStore|iPhone.ActiveCfg = Release|Any CPU
		{14215F2D-4C7E-4CFE-B3C8-95A4B591CD6C}.AppStore|iPhone.Build.0 = Release|Any CPU
		{14215F2D-4C7E-4CFE-B3C8-95A4B591CD6C}.AppStore|iPhone.Deploy.0 = Release|Any CPU
		{14215F2D-4C7E-4CFE-B3C8-95A4B591CD6C}.AppStore|iPhoneSimulator.ActiveCfg = Release|Any CPU
		{14215F2D-4C7E-4CFE-B3C8-95A4B591CD6C}.AppStore|iPhoneSimulator.Build.0 = Release|Any CPU
		{14215F2D-4C7E-4CFE-B3C8-95A4B591CD6C}.AppStore|iPhoneSimulator.Deploy.0 = Release|Any CPU
		{14215F2D-4C7E-4CFE-B3C8-95A4B591CD6C}.AppStore|x64.ActiveCfg = Release|Any CPU
		{14215F2D-4C7E-4CFE-B3C8-95A4B591CD6C}.AppStore|x64.Build.0 = Release|Any CPU
		{14215F2D-4C7E-4CFE-B3C8-95A4B591CD6C}.AppStore|x64.Deploy.0 = Release|Any CPU
		{14215F2D-4C7E-4CFE-B3C8-95A4B591CD6C}.AppStore|x86.ActiveCfg = Release|Any CPU
		{14215F2D-4C7E-4CFE-B3C8-95A4B591CD6C}.AppStore|x86.Build.0 = Release|Any CPU
		{14215F2D-4C7E-4CFE-B3C8-95A4B591CD6C}.AppStore|x86.Deploy.0 = Release|Any CPU
		{14215F2D-4C7E-4CFE-B3C8-95A4B591CD6C}.Debug|Any CPU.ActiveCfg = Debug|Any CPU
		{14215F2D-4C7E-4CFE-B3C8-95A4B591CD6C}.Debug|Any CPU.Build.0 = Debug|Any CPU
		{14215F2D-4C7E-4CFE-B3C8-95A4B591CD6C}.Debug|Any CPU.Deploy.0 = Debug|Any CPU
		{14215F2D-4C7E-4CFE-B3C8-95A4B591CD6C}.Debug|ARM.ActiveCfg = Debug|Any CPU
		{14215F2D-4C7E-4CFE-B3C8-95A4B591CD6C}.Debug|ARM.Build.0 = Debug|Any CPU
		{14215F2D-4C7E-4CFE-B3C8-95A4B591CD6C}.Debug|ARM.Deploy.0 = Debug|Any CPU
		{14215F2D-4C7E-4CFE-B3C8-95A4B591CD6C}.Debug|iPhone.ActiveCfg = Debug|Any CPU
		{14215F2D-4C7E-4CFE-B3C8-95A4B591CD6C}.Debug|iPhone.Build.0 = Debug|Any CPU
		{14215F2D-4C7E-4CFE-B3C8-95A4B591CD6C}.Debug|iPhone.Deploy.0 = Debug|Any CPU
		{14215F2D-4C7E-4CFE-B3C8-95A4B591CD6C}.Debug|iPhoneSimulator.ActiveCfg = Debug|Any CPU
		{14215F2D-4C7E-4CFE-B3C8-95A4B591CD6C}.Debug|iPhoneSimulator.Build.0 = Debug|Any CPU
		{14215F2D-4C7E-4CFE-B3C8-95A4B591CD6C}.Debug|iPhoneSimulator.Deploy.0 = Debug|Any CPU
		{14215F2D-4C7E-4CFE-B3C8-95A4B591CD6C}.Debug|x64.ActiveCfg = Debug|Any CPU
		{14215F2D-4C7E-4CFE-B3C8-95A4B591CD6C}.Debug|x64.Build.0 = Debug|Any CPU
		{14215F2D-4C7E-4CFE-B3C8-95A4B591CD6C}.Debug|x64.Deploy.0 = Debug|Any CPU
		{14215F2D-4C7E-4CFE-B3C8-95A4B591CD6C}.Debug|x86.ActiveCfg = Debug|Any CPU
		{14215F2D-4C7E-4CFE-B3C8-95A4B591CD6C}.Debug|x86.Build.0 = Debug|Any CPU
		{14215F2D-4C7E-4CFE-B3C8-95A4B591CD6C}.Debug|x86.Deploy.0 = Debug|Any CPU
		{14215F2D-4C7E-4CFE-B3C8-95A4B591CD6C}.Release|Any CPU.ActiveCfg = Release|Any CPU
		{14215F2D-4C7E-4CFE-B3C8-95A4B591CD6C}.Release|Any CPU.Build.0 = Release|Any CPU
		{14215F2D-4C7E-4CFE-B3C8-95A4B591CD6C}.Release|Any CPU.Deploy.0 = Release|Any CPU
		{14215F2D-4C7E-4CFE-B3C8-95A4B591CD6C}.Release|ARM.ActiveCfg = Release|Any CPU
		{14215F2D-4C7E-4CFE-B3C8-95A4B591CD6C}.Release|ARM.Build.0 = Release|Any CPU
		{14215F2D-4C7E-4CFE-B3C8-95A4B591CD6C}.Release|ARM.Deploy.0 = Release|Any CPU
		{14215F2D-4C7E-4CFE-B3C8-95A4B591CD6C}.Release|iPhone.ActiveCfg = Release|Any CPU
		{14215F2D-4C7E-4CFE-B3C8-95A4B591CD6C}.Release|iPhone.Build.0 = Release|Any CPU
		{14215F2D-4C7E-4CFE-B3C8-95A4B591CD6C}.Release|iPhone.Deploy.0 = Release|Any CPU
		{14215F2D-4C7E-4CFE-B3C8-95A4B591CD6C}.Release|iPhoneSimulator.ActiveCfg = Release|Any CPU
		{14215F2D-4C7E-4CFE-B3C8-95A4B591CD6C}.Release|iPhoneSimulator.Build.0 = Release|Any CPU
		{14215F2D-4C7E-4CFE-B3C8-95A4B591CD6C}.Release|iPhoneSimulator.Deploy.0 = Release|Any CPU
		{14215F2D-4C7E-4CFE-B3C8-95A4B591CD6C}.Release|x64.ActiveCfg = Release|Any CPU
		{14215F2D-4C7E-4CFE-B3C8-95A4B591CD6C}.Release|x64.Build.0 = Release|Any CPU
		{14215F2D-4C7E-4CFE-B3C8-95A4B591CD6C}.Release|x64.Deploy.0 = Release|Any CPU
		{14215F2D-4C7E-4CFE-B3C8-95A4B591CD6C}.Release|x86.ActiveCfg = Release|Any CPU
		{14215F2D-4C7E-4CFE-B3C8-95A4B591CD6C}.Release|x86.Build.0 = Release|Any CPU
		{14215F2D-4C7E-4CFE-B3C8-95A4B591CD6C}.Release|x86.Deploy.0 = Release|Any CPU
		{DC61BAAD-FD33-4AC4-B759-559B4B1E7E34}.Ad-Hoc|Any CPU.ActiveCfg = Release|Any CPU
		{DC61BAAD-FD33-4AC4-B759-559B4B1E7E34}.Ad-Hoc|Any CPU.Build.0 = Release|Any CPU
		{DC61BAAD-FD33-4AC4-B759-559B4B1E7E34}.Ad-Hoc|ARM.ActiveCfg = Release|Any CPU
		{DC61BAAD-FD33-4AC4-B759-559B4B1E7E34}.Ad-Hoc|ARM.Build.0 = Release|Any CPU
		{DC61BAAD-FD33-4AC4-B759-559B4B1E7E34}.Ad-Hoc|iPhone.ActiveCfg = Release|Any CPU
		{DC61BAAD-FD33-4AC4-B759-559B4B1E7E34}.Ad-Hoc|iPhone.Build.0 = Release|Any CPU
		{DC61BAAD-FD33-4AC4-B759-559B4B1E7E34}.Ad-Hoc|iPhoneSimulator.ActiveCfg = Release|Any CPU
		{DC61BAAD-FD33-4AC4-B759-559B4B1E7E34}.Ad-Hoc|iPhoneSimulator.Build.0 = Release|Any CPU
		{DC61BAAD-FD33-4AC4-B759-559B4B1E7E34}.Ad-Hoc|x64.ActiveCfg = Release|Any CPU
		{DC61BAAD-FD33-4AC4-B759-559B4B1E7E34}.Ad-Hoc|x64.Build.0 = Release|Any CPU
		{DC61BAAD-FD33-4AC4-B759-559B4B1E7E34}.Ad-Hoc|x86.ActiveCfg = Release|Any CPU
		{DC61BAAD-FD33-4AC4-B759-559B4B1E7E34}.Ad-Hoc|x86.Build.0 = Release|Any CPU
		{DC61BAAD-FD33-4AC4-B759-559B4B1E7E34}.AppStore|Any CPU.ActiveCfg = Release|Any CPU
		{DC61BAAD-FD33-4AC4-B759-559B4B1E7E34}.AppStore|Any CPU.Build.0 = Release|Any CPU
		{DC61BAAD-FD33-4AC4-B759-559B4B1E7E34}.AppStore|ARM.ActiveCfg = Release|Any CPU
		{DC61BAAD-FD33-4AC4-B759-559B4B1E7E34}.AppStore|ARM.Build.0 = Release|Any CPU
		{DC61BAAD-FD33-4AC4-B759-559B4B1E7E34}.AppStore|iPhone.ActiveCfg = Release|Any CPU
		{DC61BAAD-FD33-4AC4-B759-559B4B1E7E34}.AppStore|iPhone.Build.0 = Release|Any CPU
		{DC61BAAD-FD33-4AC4-B759-559B4B1E7E34}.AppStore|iPhoneSimulator.ActiveCfg = Release|Any CPU
		{DC61BAAD-FD33-4AC4-B759-559B4B1E7E34}.AppStore|iPhoneSimulator.Build.0 = Release|Any CPU
		{DC61BAAD-FD33-4AC4-B759-559B4B1E7E34}.AppStore|x64.ActiveCfg = Release|Any CPU
		{DC61BAAD-FD33-4AC4-B759-559B4B1E7E34}.AppStore|x64.Build.0 = Release|Any CPU
		{DC61BAAD-FD33-4AC4-B759-559B4B1E7E34}.AppStore|x86.ActiveCfg = Release|Any CPU
		{DC61BAAD-FD33-4AC4-B759-559B4B1E7E34}.AppStore|x86.Build.0 = Release|Any CPU
		{DC61BAAD-FD33-4AC4-B759-559B4B1E7E34}.Debug|Any CPU.ActiveCfg = Debug|Any CPU
		{DC61BAAD-FD33-4AC4-B759-559B4B1E7E34}.Debug|Any CPU.Build.0 = Debug|Any CPU
		{DC61BAAD-FD33-4AC4-B759-559B4B1E7E34}.Debug|ARM.ActiveCfg = Debug|Any CPU
		{DC61BAAD-FD33-4AC4-B759-559B4B1E7E34}.Debug|ARM.Build.0 = Debug|Any CPU
		{DC61BAAD-FD33-4AC4-B759-559B4B1E7E34}.Debug|iPhone.ActiveCfg = Debug|Any CPU
		{DC61BAAD-FD33-4AC4-B759-559B4B1E7E34}.Debug|iPhone.Build.0 = Debug|Any CPU
		{DC61BAAD-FD33-4AC4-B759-559B4B1E7E34}.Debug|iPhoneSimulator.ActiveCfg = Debug|Any CPU
		{DC61BAAD-FD33-4AC4-B759-559B4B1E7E34}.Debug|iPhoneSimulator.Build.0 = Debug|Any CPU
		{DC61BAAD-FD33-4AC4-B759-559B4B1E7E34}.Debug|x64.ActiveCfg = Debug|Any CPU
		{DC61BAAD-FD33-4AC4-B759-559B4B1E7E34}.Debug|x64.Build.0 = Debug|Any CPU
		{DC61BAAD-FD33-4AC4-B759-559B4B1E7E34}.Debug|x86.ActiveCfg = Debug|Any CPU
		{DC61BAAD-FD33-4AC4-B759-559B4B1E7E34}.Debug|x86.Build.0 = Debug|Any CPU
		{DC61BAAD-FD33-4AC4-B759-559B4B1E7E34}.Release|Any CPU.ActiveCfg = Release|Any CPU
		{DC61BAAD-FD33-4AC4-B759-559B4B1E7E34}.Release|Any CPU.Build.0 = Release|Any CPU
		{DC61BAAD-FD33-4AC4-B759-559B4B1E7E34}.Release|ARM.ActiveCfg = Release|Any CPU
		{DC61BAAD-FD33-4AC4-B759-559B4B1E7E34}.Release|ARM.Build.0 = Release|Any CPU
		{DC61BAAD-FD33-4AC4-B759-559B4B1E7E34}.Release|iPhone.ActiveCfg = Release|Any CPU
		{DC61BAAD-FD33-4AC4-B759-559B4B1E7E34}.Release|iPhone.Build.0 = Release|Any CPU
		{DC61BAAD-FD33-4AC4-B759-559B4B1E7E34}.Release|iPhoneSimulator.ActiveCfg = Release|Any CPU
		{DC61BAAD-FD33-4AC4-B759-559B4B1E7E34}.Release|iPhoneSimulator.Build.0 = Release|Any CPU
		{DC61BAAD-FD33-4AC4-B759-559B4B1E7E34}.Release|x64.ActiveCfg = Release|Any CPU
		{DC61BAAD-FD33-4AC4-B759-559B4B1E7E34}.Release|x64.Build.0 = Release|Any CPU
		{DC61BAAD-FD33-4AC4-B759-559B4B1E7E34}.Release|x86.ActiveCfg = Release|Any CPU
		{DC61BAAD-FD33-4AC4-B759-559B4B1E7E34}.Release|x86.Build.0 = Release|Any CPU
		{B4D955FF-1B21-4291-959F-C2F22DE9BEB6}.Ad-Hoc|Any CPU.ActiveCfg = Release|x86
		{B4D955FF-1B21-4291-959F-C2F22DE9BEB6}.Ad-Hoc|Any CPU.Build.0 = Release|x86
		{B4D955FF-1B21-4291-959F-C2F22DE9BEB6}.Ad-Hoc|Any CPU.Deploy.0 = Release|x86
		{B4D955FF-1B21-4291-959F-C2F22DE9BEB6}.Ad-Hoc|ARM.ActiveCfg = Release|ARM
		{B4D955FF-1B21-4291-959F-C2F22DE9BEB6}.Ad-Hoc|ARM.Build.0 = Release|ARM
		{B4D955FF-1B21-4291-959F-C2F22DE9BEB6}.Ad-Hoc|ARM.Deploy.0 = Release|ARM
		{B4D955FF-1B21-4291-959F-C2F22DE9BEB6}.Ad-Hoc|iPhone.ActiveCfg = Release|x86
		{B4D955FF-1B21-4291-959F-C2F22DE9BEB6}.Ad-Hoc|iPhone.Build.0 = Release|x86
		{B4D955FF-1B21-4291-959F-C2F22DE9BEB6}.Ad-Hoc|iPhone.Deploy.0 = Release|x86
		{B4D955FF-1B21-4291-959F-C2F22DE9BEB6}.Ad-Hoc|iPhoneSimulator.ActiveCfg = Release|x86
		{B4D955FF-1B21-4291-959F-C2F22DE9BEB6}.Ad-Hoc|iPhoneSimulator.Build.0 = Release|x86
		{B4D955FF-1B21-4291-959F-C2F22DE9BEB6}.Ad-Hoc|iPhoneSimulator.Deploy.0 = Release|x86
		{B4D955FF-1B21-4291-959F-C2F22DE9BEB6}.Ad-Hoc|x64.ActiveCfg = Release|x64
		{B4D955FF-1B21-4291-959F-C2F22DE9BEB6}.Ad-Hoc|x64.Build.0 = Release|x64
		{B4D955FF-1B21-4291-959F-C2F22DE9BEB6}.Ad-Hoc|x64.Deploy.0 = Release|x64
		{B4D955FF-1B21-4291-959F-C2F22DE9BEB6}.Ad-Hoc|x86.ActiveCfg = Release|x86
		{B4D955FF-1B21-4291-959F-C2F22DE9BEB6}.Ad-Hoc|x86.Build.0 = Release|x86
		{B4D955FF-1B21-4291-959F-C2F22DE9BEB6}.Ad-Hoc|x86.Deploy.0 = Release|x86
		{B4D955FF-1B21-4291-959F-C2F22DE9BEB6}.AppStore|Any CPU.ActiveCfg = Release|x86
		{B4D955FF-1B21-4291-959F-C2F22DE9BEB6}.AppStore|Any CPU.Build.0 = Release|x86
		{B4D955FF-1B21-4291-959F-C2F22DE9BEB6}.AppStore|Any CPU.Deploy.0 = Release|x86
		{B4D955FF-1B21-4291-959F-C2F22DE9BEB6}.AppStore|ARM.ActiveCfg = Release|ARM
		{B4D955FF-1B21-4291-959F-C2F22DE9BEB6}.AppStore|ARM.Build.0 = Release|ARM
		{B4D955FF-1B21-4291-959F-C2F22DE9BEB6}.AppStore|ARM.Deploy.0 = Release|ARM
		{B4D955FF-1B21-4291-959F-C2F22DE9BEB6}.AppStore|iPhone.ActiveCfg = Release|x86
		{B4D955FF-1B21-4291-959F-C2F22DE9BEB6}.AppStore|iPhone.Build.0 = Release|x86
		{B4D955FF-1B21-4291-959F-C2F22DE9BEB6}.AppStore|iPhone.Deploy.0 = Release|x86
		{B4D955FF-1B21-4291-959F-C2F22DE9BEB6}.AppStore|iPhoneSimulator.ActiveCfg = Release|x86
		{B4D955FF-1B21-4291-959F-C2F22DE9BEB6}.AppStore|iPhoneSimulator.Build.0 = Release|x86
		{B4D955FF-1B21-4291-959F-C2F22DE9BEB6}.AppStore|iPhoneSimulator.Deploy.0 = Release|x86
		{B4D955FF-1B21-4291-959F-C2F22DE9BEB6}.AppStore|x64.ActiveCfg = Release|x64
		{B4D955FF-1B21-4291-959F-C2F22DE9BEB6}.AppStore|x64.Build.0 = Release|x64
		{B4D955FF-1B21-4291-959F-C2F22DE9BEB6}.AppStore|x64.Deploy.0 = Release|x64
		{B4D955FF-1B21-4291-959F-C2F22DE9BEB6}.AppStore|x86.ActiveCfg = Release|x86
		{B4D955FF-1B21-4291-959F-C2F22DE9BEB6}.AppStore|x86.Build.0 = Release|x86
		{B4D955FF-1B21-4291-959F-C2F22DE9BEB6}.AppStore|x86.Deploy.0 = Release|x86
		{B4D955FF-1B21-4291-959F-C2F22DE9BEB6}.Debug|Any CPU.ActiveCfg = Debug|x86
		{B4D955FF-1B21-4291-959F-C2F22DE9BEB6}.Debug|ARM.ActiveCfg = Debug|ARM
		{B4D955FF-1B21-4291-959F-C2F22DE9BEB6}.Debug|ARM.Build.0 = Debug|ARM
		{B4D955FF-1B21-4291-959F-C2F22DE9BEB6}.Debug|ARM.Deploy.0 = Debug|ARM
		{B4D955FF-1B21-4291-959F-C2F22DE9BEB6}.Debug|iPhone.ActiveCfg = Debug|x86
		{B4D955FF-1B21-4291-959F-C2F22DE9BEB6}.Debug|iPhoneSimulator.ActiveCfg = Debug|x86
		{B4D955FF-1B21-4291-959F-C2F22DE9BEB6}.Debug|x64.ActiveCfg = Debug|x64
		{B4D955FF-1B21-4291-959F-C2F22DE9BEB6}.Debug|x64.Build.0 = Debug|x64
		{B4D955FF-1B21-4291-959F-C2F22DE9BEB6}.Debug|x64.Deploy.0 = Debug|x64
		{B4D955FF-1B21-4291-959F-C2F22DE9BEB6}.Debug|x86.ActiveCfg = Debug|x86
		{B4D955FF-1B21-4291-959F-C2F22DE9BEB6}.Debug|x86.Build.0 = Debug|x86
		{B4D955FF-1B21-4291-959F-C2F22DE9BEB6}.Debug|x86.Deploy.0 = Debug|x86
		{B4D955FF-1B21-4291-959F-C2F22DE9BEB6}.Release|Any CPU.ActiveCfg = Release|x86
		{B4D955FF-1B21-4291-959F-C2F22DE9BEB6}.Release|ARM.ActiveCfg = Release|ARM
		{B4D955FF-1B21-4291-959F-C2F22DE9BEB6}.Release|ARM.Build.0 = Release|ARM
		{B4D955FF-1B21-4291-959F-C2F22DE9BEB6}.Release|ARM.Deploy.0 = Release|ARM
		{B4D955FF-1B21-4291-959F-C2F22DE9BEB6}.Release|iPhone.ActiveCfg = Release|x86
		{B4D955FF-1B21-4291-959F-C2F22DE9BEB6}.Release|iPhoneSimulator.ActiveCfg = Release|x86
		{B4D955FF-1B21-4291-959F-C2F22DE9BEB6}.Release|x64.ActiveCfg = Release|x64
		{B4D955FF-1B21-4291-959F-C2F22DE9BEB6}.Release|x64.Build.0 = Release|x64
		{B4D955FF-1B21-4291-959F-C2F22DE9BEB6}.Release|x64.Deploy.0 = Release|x64
		{B4D955FF-1B21-4291-959F-C2F22DE9BEB6}.Release|x86.ActiveCfg = Release|x86
		{B4D955FF-1B21-4291-959F-C2F22DE9BEB6}.Release|x86.Build.0 = Release|x86
		{B4D955FF-1B21-4291-959F-C2F22DE9BEB6}.Release|x86.Deploy.0 = Release|x86
		{60A556D3-4253-473A-B68E-156B926C4D28}.Ad-Hoc|Any CPU.ActiveCfg = Ad-Hoc|iPhoneSimulator
		{60A556D3-4253-473A-B68E-156B926C4D28}.Ad-Hoc|ARM.ActiveCfg = Ad-Hoc|iPhone
		{60A556D3-4253-473A-B68E-156B926C4D28}.Ad-Hoc|iPhone.ActiveCfg = Ad-Hoc|iPhone
		{60A556D3-4253-473A-B68E-156B926C4D28}.Ad-Hoc|iPhone.Build.0 = Ad-Hoc|iPhone
		{60A556D3-4253-473A-B68E-156B926C4D28}.Ad-Hoc|iPhoneSimulator.ActiveCfg = Ad-Hoc|iPhoneSimulator
		{60A556D3-4253-473A-B68E-156B926C4D28}.Ad-Hoc|iPhoneSimulator.Build.0 = Ad-Hoc|iPhoneSimulator
		{60A556D3-4253-473A-B68E-156B926C4D28}.Ad-Hoc|x64.ActiveCfg = Ad-Hoc|iPhone
		{60A556D3-4253-473A-B68E-156B926C4D28}.Ad-Hoc|x86.ActiveCfg = Ad-Hoc|iPhone
		{60A556D3-4253-473A-B68E-156B926C4D28}.AppStore|Any CPU.ActiveCfg = AppStore|iPhoneSimulator
		{60A556D3-4253-473A-B68E-156B926C4D28}.AppStore|ARM.ActiveCfg = AppStore|iPhone
		{60A556D3-4253-473A-B68E-156B926C4D28}.AppStore|iPhone.ActiveCfg = AppStore|iPhone
		{60A556D3-4253-473A-B68E-156B926C4D28}.AppStore|iPhone.Build.0 = AppStore|iPhone
		{60A556D3-4253-473A-B68E-156B926C4D28}.AppStore|iPhoneSimulator.ActiveCfg = AppStore|iPhoneSimulator
		{60A556D3-4253-473A-B68E-156B926C4D28}.AppStore|iPhoneSimulator.Build.0 = AppStore|iPhoneSimulator
		{60A556D3-4253-473A-B68E-156B926C4D28}.AppStore|x64.ActiveCfg = AppStore|iPhone
		{60A556D3-4253-473A-B68E-156B926C4D28}.AppStore|x86.ActiveCfg = AppStore|iPhone
		{60A556D3-4253-473A-B68E-156B926C4D28}.Debug|Any CPU.ActiveCfg = Debug|iPhoneSimulator
		{60A556D3-4253-473A-B68E-156B926C4D28}.Debug|ARM.ActiveCfg = Debug|iPhone
		{60A556D3-4253-473A-B68E-156B926C4D28}.Debug|iPhone.ActiveCfg = Debug|iPhone
		{60A556D3-4253-473A-B68E-156B926C4D28}.Debug|iPhone.Build.0 = Debug|iPhone
		{60A556D3-4253-473A-B68E-156B926C4D28}.Debug|iPhoneSimulator.ActiveCfg = Debug|iPhoneSimulator
		{60A556D3-4253-473A-B68E-156B926C4D28}.Debug|iPhoneSimulator.Build.0 = Debug|iPhoneSimulator
		{60A556D3-4253-473A-B68E-156B926C4D28}.Debug|x64.ActiveCfg = Debug|iPhone
		{60A556D3-4253-473A-B68E-156B926C4D28}.Debug|x86.ActiveCfg = Debug|iPhone
		{60A556D3-4253-473A-B68E-156B926C4D28}.Release|Any CPU.ActiveCfg = Release|iPhoneSimulator
		{60A556D3-4253-473A-B68E-156B926C4D28}.Release|ARM.ActiveCfg = Release|iPhone
		{60A556D3-4253-473A-B68E-156B926C4D28}.Release|iPhone.ActiveCfg = Release|iPhone
		{60A556D3-4253-473A-B68E-156B926C4D28}.Release|iPhone.Build.0 = Release|iPhone
		{60A556D3-4253-473A-B68E-156B926C4D28}.Release|iPhoneSimulator.ActiveCfg = Release|iPhoneSimulator
		{60A556D3-4253-473A-B68E-156B926C4D28}.Release|iPhoneSimulator.Build.0 = Release|iPhoneSimulator
		{60A556D3-4253-473A-B68E-156B926C4D28}.Release|x64.ActiveCfg = Release|iPhone
		{60A556D3-4253-473A-B68E-156B926C4D28}.Release|x86.ActiveCfg = Release|iPhone
	EndGlobalSection
	GlobalSection(SolutionProperties) = preSolution
		HideSolutionNode = FALSE
	EndGlobalSection
EndGlobal
